
Microsoft Visual Studio Solution File, Format Version 12.00
# Visual Studio Version 16
VisualStudioVersion = 16.0.30011.22
MinimumVisualStudioVersion = 10.0.40219.1
Project("{FAE04EC0-301F-11D3-BF4B-00C04F79EFBC}") = "PhoneStore", "PhoneStore\PhoneStore.csproj", "{94DEFD2A-25C2-45BE-98C5-1446A4478CA9}"
EndProject
Global
	GlobalSection(SolutionConfigurationPlatforms) = preSolution
		Debug|Any CPU = Debug|Any CPU
		Release|Any CPU = Release|Any CPU
	EndGlobalSection
	GlobalSection(ProjectConfigurationPlatforms) = postSolution
		{94DEFD2A-25C2-45BE-98C5-1446A4478CA9}.Debug|Any CPU.ActiveCfg = Debug|Any CPU
		{94DEFD2A-25C2-45BE-98C5-1446A4478CA9}.Debug|Any CPU.Build.0 = Debug|Any CPU
		{94DEFD2A-25C2-45BE-98C5-1446A4478CA9}.Release|Any CPU.ActiveCfg = Release|Any CPU
		{94DEFD2A-25C2-45BE-98C5-1446A4478CA9}.Release|Any CPU.Build.0 = Release|Any CPU
	EndGlobalSection
	GlobalSection(SolutionProperties) = preSolution
		HideSolutionNode = FALSE
	EndGlobalSection
	GlobalSection(ExtensibilityGlobals) = postSolution
		SolutionGuid = {26CDB5DD-E81E-4105-BB71-FF1B9E43553E}
	EndGlobalSection
EndGlobal
